
Microsoft Visual Studio Solution File, Format Version 12.00
# Visual Studio 15
VisualStudioVersion = 15.0.28307.421
MinimumVisualStudioVersion = 10.0.40219.1
Project("{FAE04EC0-301F-11D3-BF4B-00C04F79EFBC}") = "GreatOutdoors.PresentationLayer", "GreatOutdoors.PresentationLayer\GreatOutdoors.PresentationLayer.csproj", "{94241B4D-6A5A-46F6-9953-B51DC16420F5}"
EndProject
Project("{FAE04EC0-301F-11D3-BF4B-00C04F79EFBC}") = "GreatOutdoors.Entities", "GreatOutdoors.Entities\GreatOutdoors.Entities.csproj", "{47EABA45-1380-4F69-B654-A11B62A10B21}"
EndProject
Project("{FAE04EC0-301F-11D3-BF4B-00C04F79EFBC}") = "GreatOutdoors.DataAccessLayer", "GreatOutdoors.DataAccessLayer\GreatOutdoors.DataAccessLayer.csproj", "{6CE8041F-ABB9-418C-BD63-9CFCB2061810}"
EndProject
Project("{FAE04EC0-301F-11D3-BF4B-00C04F79EFBC}") = "GreatOutdoors.BusinessLayer", "GreatOutdoors.BusinessLayer\GreatOutdoors.BusinessLayer.csproj", "{52CA9604-83A4-4AE9-BDDB-5BD9BB629159}"
EndProject
Project("{FAE04EC0-301F-11D3-BF4B-00C04F79EFBC}") = "GreatOutdoors.Exceptions", "GreatOutdoors.Exceptions\GreatOutdoors.Exceptions.csproj", "{75754009-564A-477C-ABD3-B4388BDEF5E5}"
EndProject
Global
	GlobalSection(SolutionConfigurationPlatforms) = preSolution
		Debug|Any CPU = Debug|Any CPU
		Release|Any CPU = Release|Any CPU
	EndGlobalSection
	GlobalSection(ProjectConfigurationPlatforms) = postSolution
		{94241B4D-6A5A-46F6-9953-B51DC16420F5}.Debug|Any CPU.ActiveCfg = Debug|Any CPU
		{94241B4D-6A5A-46F6-9953-B51DC16420F5}.Debug|Any CPU.Build.0 = Debug|Any CPU
		{94241B4D-6A5A-46F6-9953-B51DC16420F5}.Release|Any CPU.ActiveCfg = Release|Any CPU
		{94241B4D-6A5A-46F6-9953-B51DC16420F5}.Release|Any CPU.Build.0 = Release|Any CPU
		{47EABA45-1380-4F69-B654-A11B62A10B21}.Debug|Any CPU.ActiveCfg = Debug|Any CPU
		{47EABA45-1380-4F69-B654-A11B62A10B21}.Debug|Any CPU.Build.0 = Debug|Any CPU
		{47EABA45-1380-4F69-B654-A11B62A10B21}.Release|Any CPU.ActiveCfg = Release|Any CPU
		{47EABA45-1380-4F69-B654-A11B62A10B21}.Release|Any CPU.Build.0 = Release|Any CPU
		{6CE8041F-ABB9-418C-BD63-9CFCB2061810}.Debug|Any CPU.ActiveCfg = Debug|Any CPU
		{6CE8041F-ABB9-418C-BD63-9CFCB2061810}.Debug|Any CPU.Build.0 = Debug|Any CPU
		{6CE8041F-ABB9-418C-BD63-9CFCB2061810}.Release|Any CPU.ActiveCfg = Release|Any CPU
		{6CE8041F-ABB9-418C-BD63-9CFCB2061810}.Release|Any CPU.Build.0 = Release|Any CPU
		{52CA9604-83A4-4AE9-BDDB-5BD9BB629159}.Debug|Any CPU.ActiveCfg = Debug|Any CPU
		{52CA9604-83A4-4AE9-BDDB-5BD9BB629159}.Debug|Any CPU.Build.0 = Debug|Any CPU
		{52CA9604-83A4-4AE9-BDDB-5BD9BB629159}.Release|Any CPU.ActiveCfg = Release|Any CPU
		{52CA9604-83A4-4AE9-BDDB-5BD9BB629159}.Release|Any CPU.Build.0 = Release|Any CPU
		{75754009-564A-477C-ABD3-B4388BDEF5E5}.Debug|Any CPU.ActiveCfg = Debug|Any CPU
		{75754009-564A-477C-ABD3-B4388BDEF5E5}.Debug|Any CPU.Build.0 = Debug|Any CPU
		{75754009-564A-477C-ABD3-B4388BDEF5E5}.Release|Any CPU.ActiveCfg = Release|Any CPU
		{75754009-564A-477C-ABD3-B4388BDEF5E5}.Release|Any CPU.Build.0 = Release|Any CPU
	EndGlobalSection
	GlobalSection(SolutionProperties) = preSolution
		HideSolutionNode = FALSE
	EndGlobalSection
	GlobalSection(ExtensibilityGlobals) = postSolution
		SolutionGuid = {358AD4BB-70B9-4034-B5AE-3F1C9B9359C6}
	EndGlobalSection
EndGlobal
